
Microsoft Visual Studio Solution File, Format Version 12.00
# Visual Studio Version 16
VisualStudioVersion = 16.0.29911.84
MinimumVisualStudioVersion = 10.0.40219.1
Project("{FAE04EC0-301F-11D3-BF4B-00C04F79EFBC}") = "ApiTeste", "ApiTeste.csproj", "{2BCA41B0-0C91-436C-8248-25391C95226E}"
EndProject
Global
	GlobalSection(SolutionConfigurationPlatforms) = preSolution
		Debug|Any CPU = Debug|Any CPU
		Release|Any CPU = Release|Any CPU
	EndGlobalSection
	GlobalSection(ProjectConfigurationPlatforms) = postSolution
		{2BCA41B0-0C91-436C-8248-25391C95226E}.Debug|Any CPU.ActiveCfg = Debug|Any CPU
		{2BCA41B0-0C91-436C-8248-25391C95226E}.Debug|Any CPU.Build.0 = Debug|Any CPU
		{2BCA41B0-0C91-436C-8248-25391C95226E}.Release|Any CPU.ActiveCfg = Release|Any CPU
		{2BCA41B0-0C91-436C-8248-25391C95226E}.Release|Any CPU.Build.0 = Release|Any CPU
	EndGlobalSection
	GlobalSection(SolutionProperties) = preSolution
		HideSolutionNode = FALSE
	EndGlobalSection
	GlobalSection(ExtensibilityGlobals) = postSolution
		SolutionGuid = {2DC36720-9E57-45A2-B04D-A94C371A2326}
	EndGlobalSection
EndGlobal
